// !$*UTF8*$!
{
	archiveVersion = 1;
	classes = {
	};
	objectVersion = 50;
	objects = {

/* Begin PBXBuildFile section */
		2C401BF526439FBE000D67EC /* AppDelegate.swift in Sources */ = {isa = PBXBuildFile; fileRef = 2C401BF426439FBE000D67EC /* AppDelegate.swift */; };
		2C401BF726439FBE000D67EC /* SceneDelegate.swift in Sources */ = {isa = PBXBuildFile; fileRef = 2C401BF626439FBE000D67EC /* SceneDelegate.swift */; };
		2C401BF926439FBE000D67EC /* PickerViewController.swift in Sources */ = {isa = PBXBuildFile; fileRef = 2C401BF826439FBE000D67EC /* PickerViewController.swift */; };
		2C401BFC26439FBE000D67EC /* Main.storyboard in Resources */ = {isa = PBXBuildFile; fileRef = 2C401BFA26439FBE000D67EC /* Main.storyboard */; };
		2C401BFE26439FBF000D67EC /* Assets.xcassets in Resources */ = {isa = PBXBuildFile; fileRef = 2C401BFD26439FBF000D67EC /* Assets.xcassets */; };
		2C401C0126439FBF000D67EC /* LaunchScreen.storyboard in Resources */ = {isa = PBXBuildFile; fileRef = 2C401BFF26439FBF000D67EC /* LaunchScreen.storyboard */; };
		2C401C0E2643C835000D67EC /* PickerData.swift in Sources */ = {isa = PBXBuildFile; fileRef = 2C401C0D2643C835000D67EC /* PickerData.swift */; };
		2C401C102644D29F000D67EC /* ColorRandomizerViewController.swift in Sources */ = {isa = PBXBuildFile; fileRef = 2C401C0F2644D29F000D67EC /* ColorRandomizerViewController.swift */; };
/* End PBXBuildFile section */

/* Begin PBXFileReference section */
		2C401BF126439FBE000D67EC /* Johnny's House.app */ = {isa = PBXFileReference; explicitFileType = wrapper.application; includeInIndex = 0; path = "Johnny's House.app"; sourceTree = BUILT_PRODUCTS_DIR; };
		2C401BF426439FBE000D67EC /* AppDelegate.swift */ = {isa = PBXFileReference; lastKnownFileType = sourcecode.swift; path = AppDelegate.swift; sourceTree = "<group>"; };
		2C401BF626439FBE000D67EC /* SceneDelegate.swift */ = {isa = PBXFileReference; lastKnownFileType = sourcecode.swift; path = SceneDelegate.swift; sourceTree = "<group>"; };
		2C401BF826439FBE000D67EC /* PickerViewController.swift */ = {isa = PBXFileReference; lastKnownFileType = sourcecode.swift; path = PickerViewController.swift; sourceTree = "<group>"; };
		2C401BFB26439FBE000D67EC /* Base */ = {isa = PBXFileReference; lastKnownFileType = file.storyboard; name = Base; path = Base.lproj/Main.storyboard; sourceTree = "<group>"; };
		2C401BFD26439FBF000D67EC /* Assets.xcassets */ = {isa = PBXFileReference; lastKnownFileType = folder.assetcatalog; path = Assets.xcassets; sourceTree = "<group>"; };
		2C401C0026439FBF000D67EC /* Base */ = {isa = PBXFileReference; lastKnownFileType = file.storyboard; name = Base; path = Base.lproj/LaunchScreen.storyboard; sourceTree = "<group>"; };
		2C401C0226439FBF000D67EC /* Info.plist */ = {isa = PBXFileReference; lastKnownFileType = text.plist.xml; path = Info.plist; sourceTree = "<group>"; };
		2C401C0D2643C835000D67EC /* PickerData.swift */ = {isa = PBXFileReference; lastKnownFileType = sourcecode.swift; path = PickerData.swift; sourceTree = "<group>"; };
		2C401C0F2644D29F000D67EC /* ColorRandomizerViewController.swift */ = {isa = PBXFileReference; lastKnownFileType = sourcecode.swift; path = ColorRandomizerViewController.swift; sourceTree = "<group>"; };
/* End PBXFileReference section */

/* Begin PBXFrameworksBuildPhase section */
		2C401BEE26439FBE000D67EC /* Frameworks */ = {
			isa = PBXFrameworksBuildPhase;
			buildActionMask = 2147483647;
			files = (
			);
			runOnlyForDeploymentPostprocessing = 0;
		};
/* End PBXFrameworksBuildPhase section */

/* Begin PBXGroup section */
		2C401BE826439FBE000D67EC = {
			isa = PBXGroup;
			children = (
				2C401BF326439FBE000D67EC /* Johnny's House */,
				2C401BF226439FBE000D67EC /* Products */,
			);
			sourceTree = "<group>";
		};
		2C401BF226439FBE000D67EC /* Products */ = {
			isa = PBXGroup;
			children = (
				2C401BF126439FBE000D67EC /* Johnny's House.app */,
			);
			name = Products;
			sourceTree = "<group>";
		};
		2C401BF326439FBE000D67EC /* Johnny's House */ = {
			isa = PBXGroup;
			children = (
				2C401BF426439FBE000D67EC /* AppDelegate.swift */,
				2C401BF626439FBE000D67EC /* SceneDelegate.swift */,
				2C401C082643C7A5000D67EC /* Model */,
				2C401C092643C7AB000D67EC /* View */,
				2C401C0A2643C7B2000D67EC /* Controller */,
				2C401BFD26439FBF000D67EC /* Assets.xcassets */,
				2C401BFF26439FBF000D67EC /* LaunchScreen.storyboard */,
				2C401C0226439FBF000D67EC /* Info.plist */,
			);
			path = "Johnny's House";
			sourceTree = "<group>";
		};
		2C401C082643C7A5000D67EC /* Model */ = {
			isa = PBXGroup;
			children = (
				2C401C0D2643C835000D67EC /* PickerData.swift */,
			);
			path = Model;
			sourceTree = "<group>";
		};
		2C401C092643C7AB000D67EC /* View */ = {
			isa = PBXGroup;
			children = (
				2C401BFA26439FBE000D67EC /* Main.storyboard */,
			);
			path = View;
			sourceTree = "<group>";
		};
		2C401C0A2643C7B2000D67EC /* Controller */ = {
			isa = PBXGroup;
			children = (
				2C401BF826439FBE000D67EC /* PickerViewController.swift */,
				2C401C0F2644D29F000D67EC /* ColorRandomizerViewController.swift */,
			);
			path = Controller;
			sourceTree = "<group>";
		};
/* End PBXGroup section */

/* Begin PBXNativeTarget section */
		2C401BF026439FBE000D67EC /* Johnny's House */ = {
			isa = PBXNativeTarget;
			buildConfigurationList = 2C401C0526439FBF000D67EC /* Build configuration list for PBXNativeTarget "Johnny's House" */;
			buildPhases = (
				2C401BED26439FBE000D67EC /* Sources */,
				2C401BEE26439FBE000D67EC /* Frameworks */,
				2C401BEF26439FBE000D67EC /* Resources */,
			);
			buildRules = (
			);
			dependencies = (
			);
			name = "Johnny's House";
			productName = "Johnny's House";
			productReference = 2C401BF126439FBE000D67EC /* Johnny's House.app */;
			productType = "com.apple.product-type.application";
		};
/* End PBXNativeTarget section */

/* Begin PBXProject section */
		2C401BE926439FBE000D67EC /* Project object */ = {
			isa = PBXProject;
			attributes = {
				LastSwiftUpdateCheck = 1250;
				LastUpgradeCheck = 1250;
				TargetAttributes = {
					2C401BF026439FBE000D67EC = {
						CreatedOnToolsVersion = 12.5;
					};
				};
			};
			buildConfigurationList = 2C401BEC26439FBE000D67EC /* Build configuration list for PBXProject "Johnny's House" */;
			compatibilityVersion = "Xcode 9.3";
			developmentRegion = en;
			hasScannedForEncodings = 0;
			knownRegions = (
				en,
				Base,
			);
			mainGroup = 2C401BE826439FBE000D67EC;
			productRefGroup = 2C401BF226439FBE000D67EC /* Products */;
			projectDirPath = "";
			projectRoot = "";
			targets = (
				2C401BF026439FBE000D67EC /* Johnny's House */,
			);
		};
/* End PBXProject section */

/* Begin PBXResourcesBuildPhase section */
		2C401BEF26439FBE000D67EC /* Resources */ = {
			isa = PBXResourcesBuildPhase;
			buildActionMask = 2147483647;
			files = (
				2C401C0126439FBF000D67EC /* LaunchScreen.storyboard in Resources */,
				2C401BFE26439FBF000D67EC /* Assets.xcassets in Resources */,
				2C401BFC26439FBE000D67EC /* Main.storyboard in Resources */,
			);
			runOnlyForDeploymentPostprocessing = 0;
		};
/* End PBXResourcesBuildPhase section */

/* Begin PBXSourcesBuildPhase section */
		2C401BED26439FBE000D67EC /* Sources */ = {
			isa = PBXSourcesBuildPhase;
			buildActionMask = 2147483647;
			files = (
				2C401BF926439FBE000D67EC /* PickerViewController.swift in Sources */,
				2C401BF526439FBE000D67EC /* AppDelegate.swift in Sources */,
				2C401C0E2643C835000D67EC /* PickerData.swift in Sources */,
				2C401BF726439FBE000D67EC /* SceneDelegate.swift in Sources */,
				2C401C102644D29F000D67EC /* ColorRandomizerViewController.swift in Sources */,
			);
			runOnlyForDeploymentPostprocessing = 0;
		};
/* End PBXSourcesBuildPhase section */

/* Begin PBXVariantGroup section */
		2C401BFA26439FBE000D67EC /* Main.storyboard */ = {
			isa = PBXVariantGroup;
			children = (
				2C401BFB26439FBE000D67EC /* Base */,
			);
			name = Main.storyboard;
			sourceTree = "<group>";
		};
		2C401BFF26439FBF000D67EC /* LaunchScreen.storyboard */ = {
			isa = PBXVariantGroup;
			children = (
				2C401C0026439FBF000D67EC /* Base */,
			);
			name = LaunchScreen.storyboard;
			sourceTree = "<group>";
		};
/* End PBXVariantGroup section */

/* Begin XCBuildConfiguration section */
		2C401C0326439FBF000D67EC /* Debug */ = {
			isa = XCBuildConfiguration;
			buildSettings = {
				ALWAYS_SEARCH_USER_PATHS = NO;
				CLANG_ANALYZER_NONNULL = YES;
				CLANG_ANALYZER_NUMBER_OBJECT_CONVERSION = YES_AGGRESSIVE;
				CLANG_CXX_LANGUAGE_STANDARD = "gnu++14";
				CLANG_CXX_LIBRARY = "libc++";
				CLANG_ENABLE_MODULES = YES;
				CLANG_ENABLE_OBJC_ARC = YES;
				CLANG_ENABLE_OBJC_WEAK = YES;
				CLANG_WARN_BLOCK_CAPTURE_AUTORELEASING = YES;
				CLANG_WARN_BOOL_CONVERSION = YES;
				CLANG_WARN_COMMA = YES;
				CLANG_WARN_CONSTANT_CONVERSION = YES;
				CLANG_WARN_DEPRECATED_OBJC_IMPLEMENTATIONS = YES;
				CLANG_WARN_DIRECT_OBJC_ISA_USAGE = YES_ERROR;
				CLANG_WARN_DOCUMENTATION_COMMENTS = YES;
				CLANG_WARN_EMPTY_BODY = YES;
				CLANG_WARN_ENUM_CONVERSION = YES;
				CLANG_WARN_INFINITE_RECURSION = YES;
				CLANG_WARN_INT_CONVERSION = YES;
				CLANG_WARN_NON_LITERAL_NULL_CONVERSION = YES;
				CLANG_WARN_OBJC_IMPLICIT_RETAIN_SELF = YES;
				CLANG_WARN_OBJC_LITERAL_CONVERSION = YES;
				CLANG_WARN_OBJC_ROOT_CLASS = YES_ERROR;
				CLANG_WARN_QUOTED_INCLUDE_IN_FRAMEWORK_HEADER = YES;
				CLANG_WARN_RANGE_LOOP_ANALYSIS = YES;
				CLANG_WARN_STRICT_PROTOTYPES = YES;
				CLANG_WARN_SUSPICIOUS_MOVE = YES;
				CLANG_WARN_UNGUARDED_AVAILABILITY = YES_AGGRESSIVE;
				CLANG_WARN_UNREACHABLE_CODE = YES;
				CLANG_WARN__DUPLICATE_METHOD_MATCH = YES;
				COPY_PHASE_STRIP = NO;
				DEBUG_INFORMATION_FORMAT = dwarf;
				ENABLE_STRICT_OBJC_MSGSEND = YES;
				ENABLE_TESTABILITY = YES;
				GCC_C_LANGUAGE_STANDARD = gnu11;
				GCC_DYNAMIC_NO_PIC = NO;
				GCC_NO_COMMON_BLOCKS = YES;
				GCC_OPTIMIZATION_LEVEL = 0;
				GCC_PREPROCESSOR_DEFINITIONS = (
					"DEBUG=1",
					"$(inherited)",
				);
				GCC_WARN_64_TO_32_BIT_CONVERSION = YES;
				GCC_WARN_ABOUT_RETURN_TYPE = YES_ERROR;
				GCC_WARN_UNDECLARED_SELECTOR = YES;
				GCC_WARN_UNINITIALIZED_AUTOS = YES_AGGRESSIVE;
				GCC_WARN_UNUSED_FUNCTION = YES;
				GCC_WARN_UNUSED_VARIABLE = YES;
				IPHONEOS_DEPLOYMENT_TARGET = 14.5;
				MTL_ENABLE_DEBUG_INFO = INCLUDE_SOURCE;
				MTL_FAST_MATH = YES;
				ONLY_ACTIVE_ARCH = YES;
				SDKROOT = iphoneos;
				SWIFT_ACTIVE_COMPILATION_CONDITIONS = DEBUG;
				SWIFT_OPTIMIZATION_LEVEL = "-Onone";
			};
			name = Debug;
		};
		2C401C0426439FBF000D67EC /* Release */ = {
			isa = XCBuildConfiguration;
			buildSettings = {
				ALWAYS_SEARCH_USER_PATHS = NO;
				CLANG_ANALYZER_NONNULL = YES;
				CLANG_ANALYZER_NUMBER_OBJECT_CONVERSION = YES_AGGRESSIVE;
				CLANG_CXX_LANGUAGE_STANDARD = "gnu++14";
				CLANG_CXX_LIBRARY = "libc++";
				CLANG_ENABLE_MODULES = YES;
				CLANG_ENABLE_OBJC_ARC = YES;
				CLANG_ENABLE_OBJC_WEAK = YES;
				CLANG_WARN_BLOCK_CAPTURE_AUTORELEASING = YES;
				CLANG_WARN_BOOL_CONVERSION = YES;
				CLANG_WARN_COMMA = YES;
				CLANG_WARN_CONSTANT_CONVERSION = YES;
				CLANG_WARN_DEPRECATED_OBJC_IMPLEMENTATIONS = YES;
				CLANG_WARN_DIRECT_OBJC_ISA_USAGE = YES_ERROR;
				CLANG_WARN_DOCUMENTATION_COMMENTS = YES;
				CLANG_WARN_EMPTY_BODY = YES;
				CLANG_WARN_ENUM_CONVERSION = YES;
				CLANG_WARN_INFINITE_RECURSION = YES;
				CLANG_WARN_INT_CONVERSION = YES;
				CLANG_WARN_NON_LITERAL_NULL_CONVERSION = YES;
				CLANG_WARN_OBJC_IMPLICIT_RETAIN_SELF = YES;
				CLANG_WARN_OBJC_LITERAL_CONVERSION = YES;
				CLANG_WARN_OBJC_ROOT_CLASS = YES_ERROR;
				CLANG_WARN_QUOTED_INCLUDE_IN_FRAMEWORK_HEADER = YES;
				CLANG_WARN_RANGE_LOOP_ANALYSIS = YES;
				CLANG_WARN_STRICT_PROTOTYPES = YES;
				CLANG_WARN_SUSPICIOUS_MOVE = YES;
				CLANG_WARN_UNGUARDED_AVAILABILITY = YES_AGGRESSIVE;
				CLANG_WARN_UNREACHABLE_CODE = YES;
				CLANG_WARN__DUPLICATE_METHOD_MATCH = YES;
				COPY_PHASE_STRIP = NO;
				DEBUG_INFORMATION_FORMAT = "dwarf-with-dsym";
				ENABLE_NS_ASSERTIONS = NO;
				ENABLE_STRICT_OBJC_MSGSEND = YES;
				GCC_C_LANGUAGE_STANDARD = gnu11;
				GCC_NO_COMMON_BLOCKS = YES;
				GCC_WARN_64_TO_32_BIT_CONVERSION = YES;
				GCC_WARN_ABOUT_RETURN_TYPE = YES_ERROR;
				GCC_WARN_UNDECLARED_SELECTOR = YES;
				GCC_WARN_UNINITIALIZED_AUTOS = YES_AGGRESSIVE;
				GCC_WARN_UNUSED_FUNCTION = YES;
				GCC_WARN_UNUSED_VARIABLE = YES;
				IPHONEOS_DEPLOYMENT_TARGET = 14.5;
				MTL_ENABLE_DEBUG_INFO = NO;
				MTL_FAST_MATH = YES;
				SDKROOT = iphoneos;
				SWIFT_COMPILATION_MODE = wholemodule;
				SWIFT_OPTIMIZATION_LEVEL = "-O";
				VALIDATE_PRODUCT = YES;
			};
			name = Release;
		};
		2C401C0626439FBF000D67EC /* Debug */ = {
			isa = XCBuildConfiguration;
			buildSettings = {
				ASSETCATALOG_COMPILER_APPICON_NAME = AppIcon;
				ASSETCATALOG_COMPILER_GLOBAL_ACCENT_COLOR_NAME = AccentColor;
				CODE_SIGN_STYLE = Automatic;
				DEVELOPMENT_TEAM = 79X64CRQXT;
				INFOPLIST_FILE = "Johnny's House/Info.plist";
				LD_RUNPATH_SEARCH_PATHS = (
					"$(inherited)",
					"@executable_path/Frameworks",
				);
				PRODUCT_BUNDLE_IDENTIFIER = "com.MarcusKim.Johnny-s-House";
				PRODUCT_NAME = "$(TARGET_NAME)";
				SWIFT_VERSION = 5.0;
				TARGETED_DEVICE_FAMILY = "1,2";
			};
			name = Debug;
		};
		2C401C0726439FBF000D67EC /* Release */ = {
			isa = XCBuildConfiguration;
			buildSettings = {
				ASSETCATALOG_COMPILER_APPICON_NAME = AppIcon;
				ASSETCATALOG_COMPILER_GLOBAL_ACCENT_COLOR_NAME = AccentColor;
				CODE_SIGN_STYLE = Automatic;
				DEVELOPMENT_TEAM = 79X64CRQXT;
				INFOPLIST_FILE = "Johnny's House/Info.plist";
				LD_RUNPATH_SEARCH_PATHS = (
					"$(inherited)",
					"@executable_path/Frameworks",
				);
				PRODUCT_BUNDLE_IDENTIFIER = "com.MarcusKim.Johnny-s-House";
				PRODUCT_NAME = "$(TARGET_NAME)";
				SWIFT_VERSION = 5.0;
				TARGETED_DEVICE_FAMILY = "1,2";
			};
			name = Release;
		};
/* End XCBuildConfiguration section */

/* Begin XCConfigurationList section */
		2C401BEC26439FBE000D67EC /* Build configuration list for PBXProject "Johnny's House" */ = {
			isa = XCConfigurationList;
			buildConfigurations = (
				2C401C0326439FBF000D67EC /* Debug */,
				2C401C0426439FBF000D67EC /* Release */,
			);
			defaultConfigurationIsVisible = 0;
			defaultConfigurationName = Release;
		};
		2C401C0526439FBF000D67EC /* Build configuration list for PBXNativeTarget "Johnny's House" */ = {
			isa = XCConfigurationList;
			buildConfigurations = (
				2C401C0626439FBF000D67EC /* Debug */,
				2C401C0726439FBF000D67EC /* Release */,
			);
			defaultConfigurationIsVisible = 0;
			defaultConfigurationName = Release;
		};
/* End XCConfigurationList section */
	};
	rootObject = 2C401BE926439FBE000D67EC /* Project object */;
}
